
Microsoft Visual Studio Solution File, Format Version 12.00
# Visual Studio Version 16
VisualStudioVersion = 16.0.31911.196
MinimumVisualStudioVersion = 10.0.40219.1
Project("{FAE04EC0-301F-11D3-BF4B-00C04F79EFBC}") = "Kodlamaio-CoffeShop-Simulation(Interface-Abstract)", "Kodlamaio-CoffeShop-Simulation(Interface-Abstract)\Kodlamaio-CoffeShop-Simulation(Interface-Abstract).csproj", "{A5EA10A7-D770-456E-BF14-78AD5937C103}"
EndProject
Global
	GlobalSection(SolutionConfigurationPlatforms) = preSolution
		Debug|Any CPU = Debug|Any CPU
		Release|Any CPU = Release|Any CPU
	EndGlobalSection
	GlobalSection(ProjectConfigurationPlatforms) = postSolution
		{A5EA10A7-D770-456E-BF14-78AD5937C103}.Debug|Any CPU.ActiveCfg = Debug|Any CPU
		{A5EA10A7-D770-456E-BF14-78AD5937C103}.Debug|Any CPU.Build.0 = Debug|Any CPU
		{A5EA10A7-D770-456E-BF14-78AD5937C103}.Release|Any CPU.ActiveCfg = Release|Any CPU
		{A5EA10A7-D770-456E-BF14-78AD5937C103}.Release|Any CPU.Build.0 = Release|Any CPU
	EndGlobalSection
	GlobalSection(SolutionProperties) = preSolution
		HideSolutionNode = FALSE
	EndGlobalSection
	GlobalSection(ExtensibilityGlobals) = postSolution
		SolutionGuid = {164288E0-604D-4159-B670-5AD9D6CC4367}
	EndGlobalSection
EndGlobal
